
Microsoft Visual Studio Solution File, Format Version 12.00
# Visual Studio Version 17
VisualStudioVersion = 17.3.32804.467
MinimumVisualStudioVersion = 10.0.40219.1
Project("{2150E333-8FDC-42A3-9474-1A3956D46DE8}") = "Services", "Services", "{91BF95AF-E2D6-4F5B-AE12-B34E59A528FF}"
EndProject
Project("{2150E333-8FDC-42A3-9474-1A3956D46DE8}") = "Catalog", "Catalog", "{E78E05C2-640A-40AE-A48D-A1EF3B28C2B6}"
EndProject
Project("{9A19103F-16F7-4668-BE54-9A1E7A4F7556}") = "FreeCourseServices.Catalog", "Services\Catalog\FreeCourseServices.Catalog\FreeCourseServices.Catalog.csproj", "{323678BF-C9D6-4B69-8B89-484626E19CE3}"
EndProject
Project("{2150E333-8FDC-42A3-9474-1A3956D46DE8}") = "Solution Items", "Solution Items", "{B40DF69A-F339-48C9-B04E-69BE0E55C8CE}"
	ProjectSection(SolutionItems) = preProject
		Ports.txt = Ports.txt
	EndProjectSection
EndProject
Project("{2150E333-8FDC-42A3-9474-1A3956D46DE8}") = "Shared", "Shared", "{6843FF4B-5604-4AAC-BE54-A319EB5FB0FB}"
EndProject
Project("{9A19103F-16F7-4668-BE54-9A1E7A4F7556}") = "FreeCourse.Shared", "Shared\FreeCourse.Shared\FreeCourse.Shared.csproj", "{A1B8D36C-57CE-456E-864B-75C8F045E895}"
EndProject
Project("{2150E333-8FDC-42A3-9474-1A3956D46DE8}") = "IdentityServer", "IdentityServer", "{56B2C13D-75B9-4F96-9C9E-D507EFE2A153}"
EndProject
Project("{9A19103F-16F7-4668-BE54-9A1E7A4F7556}") = "FreeCourse.IdentityServer", "IdentityServer\FreeCourse.IdentityServer\FreeCourse.IdentityServer.csproj", "{089EBD2C-210F-4463-8BB5-31B4C619E2FA}"
EndProject
Project("{2150E333-8FDC-42A3-9474-1A3956D46DE8}") = "PhotoStock", "PhotoStock", "{5770FEE6-647A-4664-B200-9B49515C6867}"
EndProject
Project("{9A19103F-16F7-4668-BE54-9A1E7A4F7556}") = "FreeCourseServices.PhotoStock", "Services\PhotoStock\FreeCourseServices.PhotoStock\FreeCourseServices.PhotoStock.csproj", "{E2D2BC32-DC89-4901-AE64-8BCB4F9278F6}"
EndProject
Project("{2150E333-8FDC-42A3-9474-1A3956D46DE8}") = "Basket", "Basket", "{A7AF3288-3478-43A7-AFAC-28FB36ABF465}"
EndProject
Project("{9A19103F-16F7-4668-BE54-9A1E7A4F7556}") = "FreeCourse.Services.Basket", "Services\Basket\FreeCourse.Services.Basket\FreeCourse.Services.Basket.csproj", "{0492BBA0-42D7-40FC-B531-23453064E160}"
EndProject
Project("{2150E333-8FDC-42A3-9474-1A3956D46DE8}") = "Discount", "Discount", "{4442165C-C39A-4824-B59E-F095B1DDE017}"
EndProject
Project("{9A19103F-16F7-4668-BE54-9A1E7A4F7556}") = "FreeCourse.Services.Discount", "Services\Discount\FreeCourse.Services.Discount\FreeCourse.Services.Discount.csproj", "{A66822BD-F069-4447-BA80-7D515461B032}"
EndProject
Project("{2150E333-8FDC-42A3-9474-1A3956D46DE8}") = "Order", "Order", "{36C3FD4B-5EC6-4C65-8F6A-7F526A6B925D}"
EndProject
Project("{9A19103F-16F7-4668-BE54-9A1E7A4F7556}") = "FreeCourse.Service.Order", "Services\Order\FreeCourse.Service.Order\FreeCourse.Service.Order.csproj", "{306D1160-7C8D-4819-AB17-A1CAF91E622F}"
EndProject
Project("{9A19103F-16F7-4668-BE54-9A1E7A4F7556}") = "FreeCourse.Services.Order.Application", "Services\Order\FreeCourse.Services.Order.Application\FreeCourse.Services.Order.Application.csproj", "{3363CC9B-4D85-4103-AD54-D80536F59838}"
EndProject
Project("{9A19103F-16F7-4668-BE54-9A1E7A4F7556}") = "FreeCourse.Service.Order.Domain", "Services\Order\FreeCourse.Service.Order.Domain\FreeCourse.Service.Order.Domain.csproj", "{D6ED0C4B-8D0B-489C-B677-505F3A042B7B}"
EndProject
Project("{9A19103F-16F7-4668-BE54-9A1E7A4F7556}") = "FreeCourse.Services.Order.Core", "Services\Order\FreeCourse.Services.Order.Core\FreeCourse.Services.Order.Core.csproj", "{2006F26C-EC08-4898-BA04-44189E583DB1}"
EndProject
Project("{9A19103F-16F7-4668-BE54-9A1E7A4F7556}") = "FreeCourse.Services.Order.Infrastructer", "Services\Order\FreeCourse.Services.Order.Infrastructer\FreeCourse.Services.Order.Infrastructer.csproj", "{6A971C64-3503-4988-9B6F-148C48E808CC}"
EndProject
Project("{2150E333-8FDC-42A3-9474-1A3956D46DE8}") = "Payment", "Payment", "{D05D41F0-A75A-4281-88C3-39769C98DC75}"
EndProject
Project("{FAE04EC0-301F-11D3-BF4B-00C04F79EFBC}") = "FreeCourse.Services.Payment", "Services\Payment\FreeCourse.Services.Payment\FreeCourse.Services.Payment.csproj", "{E4977ADE-0EDF-4D70-9DB1-18654148C7A6}"
EndProject
Project("{2150E333-8FDC-42A3-9474-1A3956D46DE8}") = "Getaways", "Getaways", "{C1B73A1B-5308-40D9-9E6B-A60229C3EB58}"
EndProject
Project("{FAE04EC0-301F-11D3-BF4B-00C04F79EFBC}") = "FreeCourse.Getaway", "FreeCourse.Getaway\FreeCourse.Getaway.csproj", "{BD5E08D0-14E2-4EE4-B4F4-D1420C1E2067}"
EndProject
Global
	GlobalSection(SolutionConfigurationPlatforms) = preSolution
		Debug|Any CPU = Debug|Any CPU
		Release|Any CPU = Release|Any CPU
	EndGlobalSection
	GlobalSection(ProjectConfigurationPlatforms) = postSolution
		{323678BF-C9D6-4B69-8B89-484626E19CE3}.Debug|Any CPU.ActiveCfg = Debug|Any CPU
		{323678BF-C9D6-4B69-8B89-484626E19CE3}.Debug|Any CPU.Build.0 = Debug|Any CPU
		{323678BF-C9D6-4B69-8B89-484626E19CE3}.Release|Any CPU.ActiveCfg = Release|Any CPU
		{323678BF-C9D6-4B69-8B89-484626E19CE3}.Release|Any CPU.Build.0 = Release|Any CPU
		{A1B8D36C-57CE-456E-864B-75C8F045E895}.Debug|Any CPU.ActiveCfg = Debug|Any CPU
		{A1B8D36C-57CE-456E-864B-75C8F045E895}.Debug|Any CPU.Build.0 = Debug|Any CPU
		{A1B8D36C-57CE-456E-864B-75C8F045E895}.Release|Any CPU.ActiveCfg = Release|Any CPU
		{A1B8D36C-57CE-456E-864B-75C8F045E895}.Release|Any CPU.Build.0 = Release|Any CPU
		{089EBD2C-210F-4463-8BB5-31B4C619E2FA}.Debug|Any CPU.ActiveCfg = Debug|Any CPU
		{089EBD2C-210F-4463-8BB5-31B4C619E2FA}.Debug|Any CPU.Build.0 = Debug|Any CPU
		{089EBD2C-210F-4463-8BB5-31B4C619E2FA}.Release|Any CPU.ActiveCfg = Release|Any CPU
		{089EBD2C-210F-4463-8BB5-31B4C619E2FA}.Release|Any CPU.Build.0 = Release|Any CPU
		{E2D2BC32-DC89-4901-AE64-8BCB4F9278F6}.Debug|Any CPU.ActiveCfg = Debug|Any CPU
		{E2D2BC32-DC89-4901-AE64-8BCB4F9278F6}.Debug|Any CPU.Build.0 = Debug|Any CPU
		{E2D2BC32-DC89-4901-AE64-8BCB4F9278F6}.Release|Any CPU.ActiveCfg = Release|Any CPU
		{E2D2BC32-DC89-4901-AE64-8BCB4F9278F6}.Release|Any CPU.Build.0 = Release|Any CPU
		{0492BBA0-42D7-40FC-B531-23453064E160}.Debug|Any CPU.ActiveCfg = Debug|Any CPU
		{0492BBA0-42D7-40FC-B531-23453064E160}.Debug|Any CPU.Build.0 = Debug|Any CPU
		{0492BBA0-42D7-40FC-B531-23453064E160}.Release|Any CPU.ActiveCfg = Release|Any CPU
		{0492BBA0-42D7-40FC-B531-23453064E160}.Release|Any CPU.Build.0 = Release|Any CPU
		{A66822BD-F069-4447-BA80-7D515461B032}.Debug|Any CPU.ActiveCfg = Debug|Any CPU
		{A66822BD-F069-4447-BA80-7D515461B032}.Debug|Any CPU.Build.0 = Debug|Any CPU
		{A66822BD-F069-4447-BA80-7D515461B032}.Release|Any CPU.ActiveCfg = Release|Any CPU
		{A66822BD-F069-4447-BA80-7D515461B032}.Release|Any CPU.Build.0 = Release|Any CPU
		{306D1160-7C8D-4819-AB17-A1CAF91E622F}.Debug|Any CPU.ActiveCfg = Debug|Any CPU
		{306D1160-7C8D-4819-AB17-A1CAF91E622F}.Debug|Any CPU.Build.0 = Debug|Any CPU
		{306D1160-7C8D-4819-AB17-A1CAF91E622F}.Release|Any CPU.ActiveCfg = Release|Any CPU
		{306D1160-7C8D-4819-AB17-A1CAF91E622F}.Release|Any CPU.Build.0 = Release|Any CPU
		{3363CC9B-4D85-4103-AD54-D80536F59838}.Debug|Any CPU.ActiveCfg = Debug|Any CPU
		{3363CC9B-4D85-4103-AD54-D80536F59838}.Debug|Any CPU.Build.0 = Debug|Any CPU
		{3363CC9B-4D85-4103-AD54-D80536F59838}.Release|Any CPU.ActiveCfg = Release|Any CPU
		{3363CC9B-4D85-4103-AD54-D80536F59838}.Release|Any CPU.Build.0 = Release|Any CPU
		{D6ED0C4B-8D0B-489C-B677-505F3A042B7B}.Debug|Any CPU.ActiveCfg = Debug|Any CPU
		{D6ED0C4B-8D0B-489C-B677-505F3A042B7B}.Debug|Any CPU.Build.0 = Debug|Any CPU
		{D6ED0C4B-8D0B-489C-B677-505F3A042B7B}.Release|Any CPU.ActiveCfg = Release|Any CPU
		{D6ED0C4B-8D0B-489C-B677-505F3A042B7B}.Release|Any CPU.Build.0 = Release|Any CPU
		{2006F26C-EC08-4898-BA04-44189E583DB1}.Debug|Any CPU.ActiveCfg = Debug|Any CPU
		{2006F26C-EC08-4898-BA04-44189E583DB1}.Debug|Any CPU.Build.0 = Debug|Any CPU
		{2006F26C-EC08-4898-BA04-44189E583DB1}.Release|Any CPU.ActiveCfg = Release|Any CPU
		{2006F26C-EC08-4898-BA04-44189E583DB1}.Release|Any CPU.Build.0 = Release|Any CPU
		{6A971C64-3503-4988-9B6F-148C48E808CC}.Debug|Any CPU.ActiveCfg = Debug|Any CPU
		{6A971C64-3503-4988-9B6F-148C48E808CC}.Debug|Any CPU.Build.0 = Debug|Any CPU
		{6A971C64-3503-4988-9B6F-148C48E808CC}.Release|Any CPU.ActiveCfg = Release|Any CPU
		{6A971C64-3503-4988-9B6F-148C48E808CC}.Release|Any CPU.Build.0 = Release|Any CPU
		{E4977ADE-0EDF-4D70-9DB1-18654148C7A6}.Debug|Any CPU.ActiveCfg = Debug|Any CPU
		{E4977ADE-0EDF-4D70-9DB1-18654148C7A6}.Debug|Any CPU.Build.0 = Debug|Any CPU
		{E4977ADE-0EDF-4D70-9DB1-18654148C7A6}.Release|Any CPU.ActiveCfg = Release|Any CPU
		{E4977ADE-0EDF-4D70-9DB1-18654148C7A6}.Release|Any CPU.Build.0 = Release|Any CPU
		{BD5E08D0-14E2-4EE4-B4F4-D1420C1E2067}.Debug|Any CPU.ActiveCfg = Debug|Any CPU
		{BD5E08D0-14E2-4EE4-B4F4-D1420C1E2067}.Debug|Any CPU.Build.0 = Debug|Any CPU
		{BD5E08D0-14E2-4EE4-B4F4-D1420C1E2067}.Release|Any CPU.ActiveCfg = Release|Any CPU
		{BD5E08D0-14E2-4EE4-B4F4-D1420C1E2067}.Release|Any CPU.Build.0 = Release|Any CPU
	EndGlobalSection
	GlobalSection(SolutionProperties) = preSolution
		HideSolutionNode = FALSE
	EndGlobalSection
	GlobalSection(NestedProjects) = preSolution
		{E78E05C2-640A-40AE-A48D-A1EF3B28C2B6} = {91BF95AF-E2D6-4F5B-AE12-B34E59A528FF}
		{323678BF-C9D6-4B69-8B89-484626E19CE3} = {E78E05C2-640A-40AE-A48D-A1EF3B28C2B6}
		{A1B8D36C-57CE-456E-864B-75C8F045E895} = {6843FF4B-5604-4AAC-BE54-A319EB5FB0FB}
		{089EBD2C-210F-4463-8BB5-31B4C619E2FA} = {56B2C13D-75B9-4F96-9C9E-D507EFE2A153}
		{5770FEE6-647A-4664-B200-9B49515C6867} = {91BF95AF-E2D6-4F5B-AE12-B34E59A528FF}
		{E2D2BC32-DC89-4901-AE64-8BCB4F9278F6} = {5770FEE6-647A-4664-B200-9B49515C6867}
		{A7AF3288-3478-43A7-AFAC-28FB36ABF465} = {91BF95AF-E2D6-4F5B-AE12-B34E59A528FF}
		{0492BBA0-42D7-40FC-B531-23453064E160} = {A7AF3288-3478-43A7-AFAC-28FB36ABF465}
		{4442165C-C39A-4824-B59E-F095B1DDE017} = {91BF95AF-E2D6-4F5B-AE12-B34E59A528FF}
		{A66822BD-F069-4447-BA80-7D515461B032} = {4442165C-C39A-4824-B59E-F095B1DDE017}
		{36C3FD4B-5EC6-4C65-8F6A-7F526A6B925D} = {91BF95AF-E2D6-4F5B-AE12-B34E59A528FF}
		{306D1160-7C8D-4819-AB17-A1CAF91E622F} = {36C3FD4B-5EC6-4C65-8F6A-7F526A6B925D}
		{3363CC9B-4D85-4103-AD54-D80536F59838} = {36C3FD4B-5EC6-4C65-8F6A-7F526A6B925D}
		{D6ED0C4B-8D0B-489C-B677-505F3A042B7B} = {36C3FD4B-5EC6-4C65-8F6A-7F526A6B925D}
		{2006F26C-EC08-4898-BA04-44189E583DB1} = {36C3FD4B-5EC6-4C65-8F6A-7F526A6B925D}
		{6A971C64-3503-4988-9B6F-148C48E808CC} = {36C3FD4B-5EC6-4C65-8F6A-7F526A6B925D}
		{D05D41F0-A75A-4281-88C3-39769C98DC75} = {91BF95AF-E2D6-4F5B-AE12-B34E59A528FF}
		{E4977ADE-0EDF-4D70-9DB1-18654148C7A6} = {D05D41F0-A75A-4281-88C3-39769C98DC75}
		{BD5E08D0-14E2-4EE4-B4F4-D1420C1E2067} = {C1B73A1B-5308-40D9-9E6B-A60229C3EB58}
	EndGlobalSection
	GlobalSection(ExtensibilityGlobals) = postSolution
		SolutionGuid = {8FBA85E0-B97F-4DBB-91CD-07DCF95614FB}
	EndGlobalSection
EndGlobal
